
Microsoft Visual Studio Solution File, Format Version 12.00
# Visual Studio Version 17
VisualStudioVersion = 17.8.34316.72
MinimumVisualStudioVersion = 10.0.40219.1
Project("{FAE04EC0-301F-11D3-BF4B-00C04F79EFBC}") = "SwitchExample", "SwitchExample\SwitchExample.csproj", "{558D67C4-26C8-473B-B76E-AAF2824B5BBF}"
EndProject
Global
	GlobalSection(SolutionConfigurationPlatforms) = preSolution
		Debug|Any CPU = Debug|Any CPU
		Release|Any CPU = Release|Any CPU
	EndGlobalSection
	GlobalSection(ProjectConfigurationPlatforms) = postSolution
		{558D67C4-26C8-473B-B76E-AAF2824B5BBF}.Debug|Any CPU.ActiveCfg = Debug|Any CPU
		{558D67C4-26C8-473B-B76E-AAF2824B5BBF}.Debug|Any CPU.Build.0 = Debug|Any CPU
		{558D67C4-26C8-473B-B76E-AAF2824B5BBF}.Release|Any CPU.ActiveCfg = Release|Any CPU
		{558D67C4-26C8-473B-B76E-AAF2824B5BBF}.Release|Any CPU.Build.0 = Release|Any CPU
	EndGlobalSection
	GlobalSection(SolutionProperties) = preSolution
		HideSolutionNode = FALSE
	EndGlobalSection
	GlobalSection(ExtensibilityGlobals) = postSolution
		SolutionGuid = {02FFC288-438B-463E-BC02-6F2175B7D542}
	EndGlobalSection
EndGlobal
