
Microsoft Visual Studio Solution File, Format Version 12.00
# Visual Studio Version 17
VisualStudioVersion = 17.8.34316.72
MinimumVisualStudioVersion = 10.0.40219.1
Project("{FAE04EC0-301F-11D3-BF4B-00C04F79EFBC}") = "Strings", "Strings\Strings.csproj", "{99BAA996-27B7-430C-B5AD-84BEA13F5BF0}"
EndProject
Global
	GlobalSection(SolutionConfigurationPlatforms) = preSolution
		Debug|Any CPU = Debug|Any CPU
		Release|Any CPU = Release|Any CPU
	EndGlobalSection
	GlobalSection(ProjectConfigurationPlatforms) = postSolution
		{99BAA996-27B7-430C-B5AD-84BEA13F5BF0}.Debug|Any CPU.ActiveCfg = Debug|Any CPU
		{99BAA996-27B7-430C-B5AD-84BEA13F5BF0}.Debug|Any CPU.Build.0 = Debug|Any CPU
		{99BAA996-27B7-430C-B5AD-84BEA13F5BF0}.Release|Any CPU.ActiveCfg = Release|Any CPU
		{99BAA996-27B7-430C-B5AD-84BEA13F5BF0}.Release|Any CPU.Build.0 = Release|Any CPU
	EndGlobalSection
	GlobalSection(SolutionProperties) = preSolution
		HideSolutionNode = FALSE
	EndGlobalSection
	GlobalSection(ExtensibilityGlobals) = postSolution
		SolutionGuid = {7C6A168C-54D0-4CBD-A1F4-35BF40686555}
	EndGlobalSection
EndGlobal
